// !$*UTF8*$!
{
	archiveVersion = 1;
	classes = {
	};
	objectVersion = 46;
	objects = {

/* Begin PBXBuildFile section */
		F8287B621DB6611400582291 /* PlayerControll.swift in Sources */ = {isa = PBXBuildFile; fileRef = F8287B611DB6611400582291 /* PlayerControll.swift */; };
		F830CF161DB4ED35002317FF /* settingViewController.swift in Sources */ = {isa = PBXBuildFile; fileRef = F830CF151DB4ED35002317FF /* settingViewController.swift */; };
		F84768FE1DBB7F7C0088251C /* InputViewController.swift in Sources */ = {isa = PBXBuildFile; fileRef = F84768FD1DBB7F7C0088251C /* InputViewController.swift */; };
		F84769001DBCA6B00088251C /* checkAnswerViewController.swift in Sources */ = {isa = PBXBuildFile; fileRef = F84768FF1DBCA6B00088251C /* checkAnswerViewController.swift */; };
		F84769021DBCB6110088251C /* timeKeepViewController.swift in Sources */ = {isa = PBXBuildFile; fileRef = F84769011DBCB6110088251C /* timeKeepViewController.swift */; };
		F89455DF1DA90338004F6D29 /* AppDelegate.swift in Sources */ = {isa = PBXBuildFile; fileRef = F89455DE1DA90338004F6D29 /* AppDelegate.swift */; };
		F89455E11DA90338004F6D29 /* ViewController.swift in Sources */ = {isa = PBXBuildFile; fileRef = F89455E01DA90338004F6D29 /* ViewController.swift */; };
		F89455E41DA90338004F6D29 /* Main.storyboard in Resources */ = {isa = PBXBuildFile; fileRef = F89455E21DA90338004F6D29 /* Main.storyboard */; };
		F89455E61DA90338004F6D29 /* Assets.xcassets in Resources */ = {isa = PBXBuildFile; fileRef = F89455E51DA90338004F6D29 /* Assets.xcassets */; };
		F8F468411DB8A0D9006D3EB6 /* rulePageViewController.swift in Sources */ = {isa = PBXBuildFile; fileRef = F8F468401DB8A0D9006D3EB6 /* rulePageViewController.swift */; };
		F8F468451DB8A42C006D3EB6 /* rule0ViewController.swift in Sources */ = {isa = PBXBuildFile; fileRef = F8F468441DB8A42C006D3EB6 /* rule0ViewController.swift */; };
		F8F468471DB8AF6B006D3EB6 /* rule1ViewController.swift in Sources */ = {isa = PBXBuildFile; fileRef = F8F468461DB8AF6B006D3EB6 /* rule1ViewController.swift */; };
		F8F468491DB8AF7D006D3EB6 /* rule2ViewController.swift in Sources */ = {isa = PBXBuildFile; fileRef = F8F468481DB8AF7D006D3EB6 /* rule2ViewController.swift */; };
		F8F4684B1DB8AFF1006D3EB6 /* rule3ViewController.swift in Sources */ = {isa = PBXBuildFile; fileRef = F8F4684A1DB8AFF1006D3EB6 /* rule3ViewController.swift */; };
		F8F4684D1DB8AFFB006D3EB6 /* rule4ViewController.swift in Sources */ = {isa = PBXBuildFile; fileRef = F8F4684C1DB8AFFB006D3EB6 /* rule4ViewController.swift */; };
		F8F4684F1DB8B003006D3EB6 /* rule5ViewController.swift in Sources */ = {isa = PBXBuildFile; fileRef = F8F4684E1DB8B003006D3EB6 /* rule5ViewController.swift */; };
/* End PBXBuildFile section */

/* Begin PBXFileReference section */
		F8287B611DB6611400582291 /* PlayerControll.swift */ = {isa = PBXFileReference; fileEncoding = 4; lastKnownFileType = sourcecode.swift; name = PlayerControll.swift; path = ../PlayerControll.swift; sourceTree = "<group>"; };
		F830CF151DB4ED35002317FF /* settingViewController.swift */ = {isa = PBXFileReference; fileEncoding = 4; lastKnownFileType = sourcecode.swift; path = settingViewController.swift; sourceTree = "<group>"; };
		F84768FD1DBB7F7C0088251C /* InputViewController.swift */ = {isa = PBXFileReference; fileEncoding = 4; lastKnownFileType = sourcecode.swift; path = InputViewController.swift; sourceTree = "<group>"; };
		F84768FF1DBCA6B00088251C /* checkAnswerViewController.swift */ = {isa = PBXFileReference; fileEncoding = 4; lastKnownFileType = sourcecode.swift; path = checkAnswerViewController.swift; sourceTree = "<group>"; };
		F84769011DBCB6110088251C /* timeKeepViewController.swift */ = {isa = PBXFileReference; fileEncoding = 4; lastKnownFileType = sourcecode.swift; path = timeKeepViewController.swift; sourceTree = "<group>"; };
		F89455DB1DA90338004F6D29 /* InsiderApp.app */ = {isa = PBXFileReference; explicitFileType = wrapper.application; includeInIndex = 0; path = InsiderApp.app; sourceTree = BUILT_PRODUCTS_DIR; };
		F89455DE1DA90338004F6D29 /* AppDelegate.swift */ = {isa = PBXFileReference; lastKnownFileType = sourcecode.swift; path = AppDelegate.swift; sourceTree = "<group>"; };
		F89455E01DA90338004F6D29 /* ViewController.swift */ = {isa = PBXFileReference; lastKnownFileType = sourcecode.swift; path = ViewController.swift; sourceTree = "<group>"; };
		F89455E31DA90338004F6D29 /* Base */ = {isa = PBXFileReference; lastKnownFileType = file.storyboard; name = Base; path = Base.lproj/Main.storyboard; sourceTree = "<group>"; };
		F89455E51DA90338004F6D29 /* Assets.xcassets */ = {isa = PBXFileReference; lastKnownFileType = folder.assetcatalog; path = Assets.xcassets; sourceTree = "<group>"; };
		F89455EA1DA90338004F6D29 /* Info.plist */ = {isa = PBXFileReference; lastKnownFileType = text.plist.xml; path = Info.plist; sourceTree = "<group>"; };
		F8F468401DB8A0D9006D3EB6 /* rulePageViewController.swift */ = {isa = PBXFileReference; fileEncoding = 4; lastKnownFileType = sourcecode.swift; path = rulePageViewController.swift; sourceTree = "<group>"; };
		F8F468441DB8A42C006D3EB6 /* rule0ViewController.swift */ = {isa = PBXFileReference; fileEncoding = 4; lastKnownFileType = sourcecode.swift; path = rule0ViewController.swift; sourceTree = "<group>"; };
		F8F468461DB8AF6B006D3EB6 /* rule1ViewController.swift */ = {isa = PBXFileReference; fileEncoding = 4; lastKnownFileType = sourcecode.swift; name = rule1ViewController.swift; path = ../rule1ViewController.swift; sourceTree = "<group>"; };
		F8F468481DB8AF7D006D3EB6 /* rule2ViewController.swift */ = {isa = PBXFileReference; fileEncoding = 4; lastKnownFileType = sourcecode.swift; path = rule2ViewController.swift; sourceTree = "<group>"; };
		F8F4684A1DB8AFF1006D3EB6 /* rule3ViewController.swift */ = {isa = PBXFileReference; fileEncoding = 4; lastKnownFileType = sourcecode.swift; path = rule3ViewController.swift; sourceTree = "<group>"; };
		F8F4684C1DB8AFFB006D3EB6 /* rule4ViewController.swift */ = {isa = PBXFileReference; fileEncoding = 4; lastKnownFileType = sourcecode.swift; path = rule4ViewController.swift; sourceTree = "<group>"; };
		F8F4684E1DB8B003006D3EB6 /* rule5ViewController.swift */ = {isa = PBXFileReference; fileEncoding = 4; lastKnownFileType = sourcecode.swift; path = rule5ViewController.swift; sourceTree = "<group>"; };
/* End PBXFileReference section */

/* Begin PBXFrameworksBuildPhase section */
		F89455D81DA90338004F6D29 /* Frameworks */ = {
			isa = PBXFrameworksBuildPhase;
			buildActionMask = 2147483647;
			files = (
			);
			runOnlyForDeploymentPostprocessing = 0;
		};
/* End PBXFrameworksBuildPhase section */

/* Begin PBXGroup section */
		F89455D21DA90338004F6D29 = {
			isa = PBXGroup;
			children = (
				F89455DD1DA90338004F6D29 /* InsiderApp */,
				F89455DC1DA90338004F6D29 /* Products */,
			);
			sourceTree = "<group>";
		};
		F89455DC1DA90338004F6D29 /* Products */ = {
			isa = PBXGroup;
			children = (
				F89455DB1DA90338004F6D29 /* InsiderApp.app */,
			);
			name = Products;
			sourceTree = "<group>";
		};
		F89455DD1DA90338004F6D29 /* InsiderApp */ = {
			isa = PBXGroup;
			children = (
				F84768FF1DBCA6B00088251C /* checkAnswerViewController.swift */,
				F8F468461DB8AF6B006D3EB6 /* rule1ViewController.swift */,
				F8F4684A1DB8AFF1006D3EB6 /* rule3ViewController.swift */,
				F8F4684C1DB8AFFB006D3EB6 /* rule4ViewController.swift */,
				F8F4684E1DB8B003006D3EB6 /* rule5ViewController.swift */,
				F89455DE1DA90338004F6D29 /* AppDelegate.swift */,
				F89455E01DA90338004F6D29 /* ViewController.swift */,
				F8287B611DB6611400582291 /* PlayerControll.swift */,
				F89455E21DA90338004F6D29 /* Main.storyboard */,
				F84769011DBCB6110088251C /* timeKeepViewController.swift */,
				F84768FD1DBB7F7C0088251C /* InputViewController.swift */,
				F8F468441DB8A42C006D3EB6 /* rule0ViewController.swift */,
				F8F468401DB8A0D9006D3EB6 /* rulePageViewController.swift */,
				F830CF151DB4ED35002317FF /* settingViewController.swift */,
				F89455E51DA90338004F6D29 /* Assets.xcassets */,
				F89455EA1DA90338004F6D29 /* Info.plist */,
				F8F468481DB8AF7D006D3EB6 /* rule2ViewController.swift */,
			);
			path = InsiderApp;
			sourceTree = "<group>";
		};
/* End PBXGroup section */

/* Begin PBXNativeTarget section */
		F89455DA1DA90338004F6D29 /* InsiderApp */ = {
			isa = PBXNativeTarget;
			buildConfigurationList = F89455ED1DA90338004F6D29 /* Build configuration list for PBXNativeTarget "InsiderApp" */;
			buildPhases = (
				F89455D71DA90338004F6D29 /* Sources */,
				F89455D81DA90338004F6D29 /* Frameworks */,
				F89455D91DA90338004F6D29 /* Resources */,
			);
			buildRules = (
			);
			dependencies = (
			);
			name = InsiderApp;
			productName = InsiderApp;
			productReference = F89455DB1DA90338004F6D29 /* InsiderApp.app */;
			productType = "com.apple.product-type.application";
		};
/* End PBXNativeTarget section */

/* Begin PBXProject section */
		F89455D31DA90338004F6D29 /* Project object */ = {
			isa = PBXProject;
			attributes = {
				LastSwiftUpdateCheck = 0730;
				LastUpgradeCheck = 0800;
				ORGANIZATIONNAME = akihiro.itoh;
				TargetAttributes = {
					F89455DA1DA90338004F6D29 = {
						CreatedOnToolsVersion = 7.3.1;
						DevelopmentTeam = TWVPKMPB47;
						LastSwiftMigration = 0800;
					};
				};
			};
			buildConfigurationList = F89455D61DA90338004F6D29 /* Build configuration list for PBXProject "InsiderApp" */;
			compatibilityVersion = "Xcode 3.2";
			developmentRegion = English;
			hasScannedForEncodings = 0;
			knownRegions = (
				en,
				Base,
			);
			mainGroup = F89455D21DA90338004F6D29;
			productRefGroup = F89455DC1DA90338004F6D29 /* Products */;
			projectDirPath = "";
			projectRoot = "";
			targets = (
				F89455DA1DA90338004F6D29 /* InsiderApp */,
			);
		};
/* End PBXProject section */

/* Begin PBXResourcesBuildPhase section */
		F89455D91DA90338004F6D29 /* Resources */ = {
			isa = PBXResourcesBuildPhase;
			buildActionMask = 2147483647;
			files = (
				F89455E61DA90338004F6D29 /* Assets.xcassets in Resources */,
				F89455E41DA90338004F6D29 /* Main.storyboard in Resources */,
			);
			runOnlyForDeploymentPostprocessing = 0;
		};
/* End PBXResourcesBuildPhase section */

/* Begin PBXSourcesBuildPhase section */
		F89455D71DA90338004F6D29 /* Sources */ = {
			isa = PBXSourcesBuildPhase;
			buildActionMask = 2147483647;
			files = (
				F89455E11DA90338004F6D29 /* ViewController.swift in Sources */,
				F8F4684D1DB8AFFB006D3EB6 /* rule4ViewController.swift in Sources */,
				F8F468411DB8A0D9006D3EB6 /* rulePageViewController.swift in Sources */,
				F84768FE1DBB7F7C0088251C /* InputViewController.swift in Sources */,
				F8287B621DB6611400582291 /* PlayerControll.swift in Sources */,
				F8F468451DB8A42C006D3EB6 /* rule0ViewController.swift in Sources */,
				F84769021DBCB6110088251C /* timeKeepViewController.swift in Sources */,
				F8F4684B1DB8AFF1006D3EB6 /* rule3ViewController.swift in Sources */,
				F8F468471DB8AF6B006D3EB6 /* rule1ViewController.swift in Sources */,
				F8F468491DB8AF7D006D3EB6 /* rule2ViewController.swift in Sources */,
				F89455DF1DA90338004F6D29 /* AppDelegate.swift in Sources */,
				F84769001DBCA6B00088251C /* checkAnswerViewController.swift in Sources */,
				F830CF161DB4ED35002317FF /* settingViewController.swift in Sources */,
				F8F4684F1DB8B003006D3EB6 /* rule5ViewController.swift in Sources */,
			);
			runOnlyForDeploymentPostprocessing = 0;
		};
/* End PBXSourcesBuildPhase section */

/* Begin PBXVariantGroup section */
		F89455E21DA90338004F6D29 /* Main.storyboard */ = {
			isa = PBXVariantGroup;
			children = (
				F89455E31DA90338004F6D29 /* Base */,
			);
			name = Main.storyboard;
			sourceTree = "<group>";
		};
/* End PBXVariantGroup section */

/* Begin XCBuildConfiguration section */
		F89455EB1DA90338004F6D29 /* Debug */ = {
			isa = XCBuildConfiguration;
			buildSettings = {
				ALWAYS_SEARCH_USER_PATHS = NO;
				CLANG_ANALYZER_NONNULL = YES;
				CLANG_CXX_LANGUAGE_STANDARD = "gnu++0x";
				CLANG_CXX_LIBRARY = "libc++";
				CLANG_ENABLE_MODULES = YES;
				CLANG_ENABLE_OBJC_ARC = YES;
				CLANG_WARN_BOOL_CONVERSION = YES;
				CLANG_WARN_CONSTANT_CONVERSION = YES;
				CLANG_WARN_DIRECT_OBJC_ISA_USAGE = YES_ERROR;
				CLANG_WARN_EMPTY_BODY = YES;
				CLANG_WARN_ENUM_CONVERSION = YES;
				CLANG_WARN_INFINITE_RECURSION = YES;
				CLANG_WARN_INT_CONVERSION = YES;
				CLANG_WARN_OBJC_ROOT_CLASS = YES_ERROR;
				CLANG_WARN_SUSPICIOUS_MOVE = YES;
				CLANG_WARN_UNREACHABLE_CODE = YES;
				CLANG_WARN__DUPLICATE_METHOD_MATCH = YES;
				"CODE_SIGN_IDENTITY[sdk=iphoneos*]" = "iPhone Developer";
				COPY_PHASE_STRIP = NO;
				DEBUG_INFORMATION_FORMAT = dwarf;
				ENABLE_STRICT_OBJC_MSGSEND = YES;
				ENABLE_TESTABILITY = YES;
				GCC_C_LANGUAGE_STANDARD = gnu99;
				GCC_DYNAMIC_NO_PIC = NO;
				GCC_NO_COMMON_BLOCKS = YES;
				GCC_OPTIMIZATION_LEVEL = 0;
				GCC_PREPROCESSOR_DEFINITIONS = (
					"DEBUG=1",
					"$(inherited)",
				);
				GCC_WARN_64_TO_32_BIT_CONVERSION = YES;
				GCC_WARN_ABOUT_RETURN_TYPE = YES_ERROR;
				GCC_WARN_UNDECLARED_SELECTOR = YES;
				GCC_WARN_UNINITIALIZED_AUTOS = YES_AGGRESSIVE;
				GCC_WARN_UNUSED_FUNCTION = YES;
				GCC_WARN_UNUSED_VARIABLE = YES;
				IPHONEOS_DEPLOYMENT_TARGET = 9.3;
				MTL_ENABLE_DEBUG_INFO = YES;
				ONLY_ACTIVE_ARCH = YES;
				SDKROOT = iphoneos;
				SWIFT_OPTIMIZATION_LEVEL = "-Onone";
			};
			name = Debug;
		};
		F89455EC1DA90338004F6D29 /* Release */ = {
			isa = XCBuildConfiguration;
			buildSettings = {
				ALWAYS_SEARCH_USER_PATHS = NO;
				CLANG_ANALYZER_NONNULL = YES;
				CLANG_CXX_LANGUAGE_STANDARD = "gnu++0x";
				CLANG_CXX_LIBRARY = "libc++";
				CLANG_ENABLE_MODULES = YES;
				CLANG_ENABLE_OBJC_ARC = YES;
				CLANG_WARN_BOOL_CONVERSION = YES;
				CLANG_WARN_CONSTANT_CONVERSION = YES;
				CLANG_WARN_DIRECT_OBJC_ISA_USAGE = YES_ERROR;
				CLANG_WARN_EMPTY_BODY = YES;
				CLANG_WARN_ENUM_CONVERSION = YES;
				CLANG_WARN_INFINITE_RECURSION = YES;
				CLANG_WARN_INT_CONVERSION = YES;
				CLANG_WARN_OBJC_ROOT_CLASS = YES_ERROR;
				CLANG_WARN_SUSPICIOUS_MOVE = YES;
				CLANG_WARN_UNREACHABLE_CODE = YES;
				CLANG_WARN__DUPLICATE_METHOD_MATCH = YES;
				"CODE_SIGN_IDENTITY[sdk=iphoneos*]" = "iPhone Developer";
				COPY_PHASE_STRIP = NO;
				DEBUG_INFORMATION_FORMAT = "dwarf-with-dsym";
				ENABLE_NS_ASSERTIONS = NO;
				ENABLE_STRICT_OBJC_MSGSEND = YES;
				GCC_C_LANGUAGE_STANDARD = gnu99;
				GCC_NO_COMMON_BLOCKS = YES;
				GCC_WARN_64_TO_32_BIT_CONVERSION = YES;
				GCC_WARN_ABOUT_RETURN_TYPE = YES_ERROR;
				GCC_WARN_UNDECLARED_SELECTOR = YES;
				GCC_WARN_UNINITIALIZED_AUTOS = YES_AGGRESSIVE;
				GCC_WARN_UNUSED_FUNCTION = YES;
				GCC_WARN_UNUSED_VARIABLE = YES;
				IPHONEOS_DEPLOYMENT_TARGET = 9.3;
				MTL_ENABLE_DEBUG_INFO = NO;
				SDKROOT = iphoneos;
				SWIFT_OPTIMIZATION_LEVEL = "-Owholemodule";
				VALIDATE_PRODUCT = YES;
			};
			name = Release;
		};
		F89455EE1DA90338004F6D29 /* Debug */ = {
			isa = XCBuildConfiguration;
			buildSettings = {
				ASSETCATALOG_COMPILER_APPICON_NAME = AppIcon;
				INFOPLIST_FILE = InsiderApp/Info.plist;
				IPHONEOS_DEPLOYMENT_TARGET = 9.0;
				LD_RUNPATH_SEARCH_PATHS = "$(inherited) @executable_path/Frameworks";
				PRODUCT_BUNDLE_IDENTIFIER = jp.techacademy.akihiro.itoh.InsiderApp;
				PRODUCT_NAME = "$(TARGET_NAME)";
				SWIFT_VERSION = 3.0;
			};
			name = Debug;
		};
		F89455EF1DA90338004F6D29 /* Release */ = {
			isa = XCBuildConfiguration;
			buildSettings = {
				ASSETCATALOG_COMPILER_APPICON_NAME = AppIcon;
				INFOPLIST_FILE = InsiderApp/Info.plist;
				IPHONEOS_DEPLOYMENT_TARGET = 9.0;
				LD_RUNPATH_SEARCH_PATHS = "$(inherited) @executable_path/Frameworks";
				PRODUCT_BUNDLE_IDENTIFIER = jp.techacademy.akihiro.itoh.InsiderApp;
				PRODUCT_NAME = "$(TARGET_NAME)";
				SWIFT_VERSION = 3.0;
			};
			name = Release;
		};
/* End XCBuildConfiguration section */

/* Begin XCConfigurationList section */
		F89455D61DA90338004F6D29 /* Build configuration list for PBXProject "InsiderApp" */ = {
			isa = XCConfigurationList;
			buildConfigurations = (
				F89455EB1DA90338004F6D29 /* Debug */,
				F89455EC1DA90338004F6D29 /* Release */,
			);
			defaultConfigurationIsVisible = 0;
			defaultConfigurationName = Release;
		};
		F89455ED1DA90338004F6D29 /* Build configuration list for PBXNativeTarget "InsiderApp" */ = {
			isa = XCConfigurationList;
			buildConfigurations = (
				F89455EE1DA90338004F6D29 /* Debug */,
				F89455EF1DA90338004F6D29 /* Release */,
			);
			defaultConfigurationIsVisible = 0;
			defaultConfigurationName = Release;
		};
/* End XCConfigurationList section */
	};
	rootObject = F89455D31DA90338004F6D29 /* Project object */;
}
